
Microsoft Visual Studio Solution File, Format Version 12.00
# Visual Studio Version 17
VisualStudioVersion = 17.9.34616.47
MinimumVisualStudioVersion = 10.0.40219.1
Project("{9A19103F-16F7-4668-BE54-9A1E7A4F7556}") = "KhumaloCraft2", "WebApplication2\KhumaloCraft2.csproj", "{C7FD3C3B-7656-44FA-83BB-E9AC46B3F672}"
EndProject
Global
	GlobalSection(SolutionConfigurationPlatforms) = preSolution
		Debug|Any CPU = Debug|Any CPU
		Release|Any CPU = Release|Any CPU
	EndGlobalSection
	GlobalSection(ProjectConfigurationPlatforms) = postSolution
		{C7FD3C3B-7656-44FA-83BB-E9AC46B3F672}.Debug|Any CPU.ActiveCfg = Debug|Any CPU
		{C7FD3C3B-7656-44FA-83BB-E9AC46B3F672}.Debug|Any CPU.Build.0 = Debug|Any CPU
		{C7FD3C3B-7656-44FA-83BB-E9AC46B3F672}.Release|Any CPU.ActiveCfg = Release|Any CPU
		{C7FD3C3B-7656-44FA-83BB-E9AC46B3F672}.Release|Any CPU.Build.0 = Release|Any CPU
	EndGlobalSection
	GlobalSection(SolutionProperties) = preSolution
		HideSolutionNode = FALSE
	EndGlobalSection
	GlobalSection(ExtensibilityGlobals) = postSolution
		SolutionGuid = {C91C6D2F-2400-44E6-9AEB-CBBC3C225CF7}
	EndGlobalSection
EndGlobal
